// !$*UTF8*$!
{
	archiveVersion = 1;
	classes = {
	};
	objectVersion = 56;
	objects = {

/* Begin PBXBuildFile section */
		AF9796AC297CB72D004F5CDB /* AppDelegate.swift in Sources */ = {isa = PBXBuildFile; fileRef = AF9796AB297CB72D004F5CDB /* AppDelegate.swift */; };
		AF9796AE297CB72D004F5CDB /* SceneDelegate.swift in Sources */ = {isa = PBXBuildFile; fileRef = AF9796AD297CB72D004F5CDB /* SceneDelegate.swift */; };
		AF9796B0297CB72D004F5CDB /* ViewController.swift in Sources */ = {isa = PBXBuildFile; fileRef = AF9796AF297CB72D004F5CDB /* ViewController.swift */; };
		AF9796B3297CB72D004F5CDB /* Main.storyboard in Resources */ = {isa = PBXBuildFile; fileRef = AF9796B1297CB72D004F5CDB /* Main.storyboard */; };
		AF9796B5297CB72E004F5CDB /* Assets.xcassets in Resources */ = {isa = PBXBuildFile; fileRef = AF9796B4297CB72E004F5CDB /* Assets.xcassets */; };
		AF9796B8297CB72E004F5CDB /* LaunchScreen.storyboard in Resources */ = {isa = PBXBuildFile; fileRef = AF9796B6297CB72E004F5CDB /* LaunchScreen.storyboard */; };
		AF9796C3297CB72E004F5CDB /* hw9Tests.swift in Sources */ = {isa = PBXBuildFile; fileRef = AF9796C2297CB72E004F5CDB /* hw9Tests.swift */; };
		AF9796CD297CB72E004F5CDB /* hw9UITests.swift in Sources */ = {isa = PBXBuildFile; fileRef = AF9796CC297CB72E004F5CDB /* hw9UITests.swift */; };
		AF9796CF297CB72E004F5CDB /* hw9UITestsLaunchTests.swift in Sources */ = {isa = PBXBuildFile; fileRef = AF9796CE297CB72E004F5CDB /* hw9UITestsLaunchTests.swift */; };
/* End PBXBuildFile section */

/* Begin PBXContainerItemProxy section */
		AF9796BF297CB72E004F5CDB /* PBXContainerItemProxy */ = {
			isa = PBXContainerItemProxy;
			containerPortal = AF9796A0297CB72D004F5CDB /* Project object */;
			proxyType = 1;
			remoteGlobalIDString = AF9796A7297CB72D004F5CDB;
			remoteInfo = hw9;
		};
		AF9796C9297CB72E004F5CDB /* PBXContainerItemProxy */ = {
			isa = PBXContainerItemProxy;
			containerPortal = AF9796A0297CB72D004F5CDB /* Project object */;
			proxyType = 1;
			remoteGlobalIDString = AF9796A7297CB72D004F5CDB;
			remoteInfo = hw9;
		};
/* End PBXContainerItemProxy section */

/* Begin PBXFileReference section */
		AF9796A8297CB72D004F5CDB /* hw9.app */ = {isa = PBXFileReference; explicitFileType = wrapper.application; includeInIndex = 0; path = hw9.app; sourceTree = BUILT_PRODUCTS_DIR; };
		AF9796AB297CB72D004F5CDB /* AppDelegate.swift */ = {isa = PBXFileReference; lastKnownFileType = sourcecode.swift; path = AppDelegate.swift; sourceTree = "<group>"; };
		AF9796AD297CB72D004F5CDB /* SceneDelegate.swift */ = {isa = PBXFileReference; lastKnownFileType = sourcecode.swift; path = SceneDelegate.swift; sourceTree = "<group>"; };
		AF9796AF297CB72D004F5CDB /* ViewController.swift */ = {isa = PBXFileReference; lastKnownFileType = sourcecode.swift; path = ViewController.swift; sourceTree = "<group>"; };
		AF9796B2297CB72D004F5CDB /* Base */ = {isa = PBXFileReference; lastKnownFileType = file.storyboard; name = Base; path = Base.lproj/Main.storyboard; sourceTree = "<group>"; };
		AF9796B4297CB72E004F5CDB /* Assets.xcassets */ = {isa = PBXFileReference; lastKnownFileType = folder.assetcatalog; path = Assets.xcassets; sourceTree = "<group>"; };
		AF9796B7297CB72E004F5CDB /* Base */ = {isa = PBXFileReference; lastKnownFileType = file.storyboard; name = Base; path = Base.lproj/LaunchScreen.storyboard; sourceTree = "<group>"; };
		AF9796B9297CB72E004F5CDB /* Info.plist */ = {isa = PBXFileReference; lastKnownFileType = text.plist.xml; path = Info.plist; sourceTree = "<group>"; };
		AF9796BE297CB72E004F5CDB /* hw9Tests.xctest */ = {isa = PBXFileReference; explicitFileType = wrapper.cfbundle; includeInIndex = 0; path = hw9Tests.xctest; sourceTree = BUILT_PRODUCTS_DIR; };
		AF9796C2297CB72E004F5CDB /* hw9Tests.swift */ = {isa = PBXFileReference; lastKnownFileType = sourcecode.swift; path = hw9Tests.swift; sourceTree = "<group>"; };
		AF9796C8297CB72E004F5CDB /* hw9UITests.xctest */ = {isa = PBXFileReference; explicitFileType = wrapper.cfbundle; includeInIndex = 0; path = hw9UITests.xctest; sourceTree = BUILT_PRODUCTS_DIR; };
		AF9796CC297CB72E004F5CDB /* hw9UITests.swift */ = {isa = PBXFileReference; lastKnownFileType = sourcecode.swift; path = hw9UITests.swift; sourceTree = "<group>"; };
		AF9796CE297CB72E004F5CDB /* hw9UITestsLaunchTests.swift */ = {isa = PBXFileReference; lastKnownFileType = sourcecode.swift; path = hw9UITestsLaunchTests.swift; sourceTree = "<group>"; };
/* End PBXFileReference section */

/* Begin PBXFrameworksBuildPhase section */
		AF9796A5297CB72D004F5CDB /* Frameworks */ = {
			isa = PBXFrameworksBuildPhase;
			buildActionMask = 2147483647;
			files = (
			);
			runOnlyForDeploymentPostprocessing = 0;
		};
		AF9796BB297CB72E004F5CDB /* Frameworks */ = {
			isa = PBXFrameworksBuildPhase;
			buildActionMask = 2147483647;
			files = (
			);
			runOnlyForDeploymentPostprocessing = 0;
		};
		AF9796C5297CB72E004F5CDB /* Frameworks */ = {
			isa = PBXFrameworksBuildPhase;
			buildActionMask = 2147483647;
			files = (
			);
			runOnlyForDeploymentPostprocessing = 0;
		};
/* End PBXFrameworksBuildPhase section */

/* Begin PBXGroup section */
		AF0F03A9297D0E5700C4D5EC /* controller */ = {
			isa = PBXGroup;
			children = (
				AF9796AF297CB72D004F5CDB /* ViewController.swift */,
			);
			path = controller;
			sourceTree = "<group>";
		};
		AF0F03AA297D0E8200C4D5EC /* view */ = {
			isa = PBXGroup;
			children = (
				AF9796B1297CB72D004F5CDB /* Main.storyboard */,
			);
			path = view;
			sourceTree = "<group>";
		};
		AF97969F297CB72D004F5CDB = {
			isa = PBXGroup;
			children = (
				AF9796AA297CB72D004F5CDB /* hw9 */,
				AF9796C1297CB72E004F5CDB /* hw9Tests */,
				AF9796CB297CB72E004F5CDB /* hw9UITests */,
				AF9796A9297CB72D004F5CDB /* Products */,
			);
			sourceTree = "<group>";
		};
		AF9796A9297CB72D004F5CDB /* Products */ = {
			isa = PBXGroup;
			children = (
				AF9796A8297CB72D004F5CDB /* hw9.app */,
				AF9796BE297CB72E004F5CDB /* hw9Tests.xctest */,
				AF9796C8297CB72E004F5CDB /* hw9UITests.xctest */,
			);
			name = Products;
			sourceTree = "<group>";
		};
		AF9796AA297CB72D004F5CDB /* hw9 */ = {
			isa = PBXGroup;
			children = (
				AF9796AB297CB72D004F5CDB /* AppDelegate.swift */,
				AF9796AD297CB72D004F5CDB /* SceneDelegate.swift */,
				AF0F03A9297D0E5700C4D5EC /* controller */,
				AF0F03AA297D0E8200C4D5EC /* view */,
				AF9796B4297CB72E004F5CDB /* Assets.xcassets */,
				AF9796B6297CB72E004F5CDB /* LaunchScreen.storyboard */,
				AF9796B9297CB72E004F5CDB /* Info.plist */,
			);
			path = hw9;
			sourceTree = "<group>";
		};
		AF9796C1297CB72E004F5CDB /* hw9Tests */ = {
			isa = PBXGroup;
			children = (
				AF9796C2297CB72E004F5CDB /* hw9Tests.swift */,
			);
			path = hw9Tests;
			sourceTree = "<group>";
		};
		AF9796CB297CB72E004F5CDB /* hw9UITests */ = {
			isa = PBXGroup;
			children = (
				AF9796CC297CB72E004F5CDB /* hw9UITests.swift */,
				AF9796CE297CB72E004F5CDB /* hw9UITestsLaunchTests.swift */,
			);
			path = hw9UITests;
			sourceTree = "<group>";
		};
/* End PBXGroup section */

/* Begin PBXNativeTarget section */
		AF9796A7297CB72D004F5CDB /* hw9 */ = {
			isa = PBXNativeTarget;
			buildConfigurationList = AF9796D2297CB72E004F5CDB /* Build configuration list for PBXNativeTarget "hw9" */;
			buildPhases = (
				AF9796A4297CB72D004F5CDB /* Sources */,
				AF9796A5297CB72D004F5CDB /* Frameworks */,
				AF9796A6297CB72D004F5CDB /* Resources */,
			);
			buildRules = (
			);
			dependencies = (
			);
			name = hw9;
			productName = hw9;
			productReference = AF9796A8297CB72D004F5CDB /* hw9.app */;
			productType = "com.apple.product-type.application";
		};
		AF9796BD297CB72E004F5CDB /* hw9Tests */ = {
			isa = PBXNativeTarget;
			buildConfigurationList = AF9796D5297CB72E004F5CDB /* Build configuration list for PBXNativeTarget "hw9Tests" */;
			buildPhases = (
				AF9796BA297CB72E004F5CDB /* Sources */,
				AF9796BB297CB72E004F5CDB /* Frameworks */,
				AF9796BC297CB72E004F5CDB /* Resources */,
			);
			buildRules = (
			);
			dependencies = (
				AF9796C0297CB72E004F5CDB /* PBXTargetDependency */,
			);
			name = hw9Tests;
			productName = hw9Tests;
			productReference = AF9796BE297CB72E004F5CDB /* hw9Tests.xctest */;
			productType = "com.apple.product-type.bundle.unit-test";
		};
		AF9796C7297CB72E004F5CDB /* hw9UITests */ = {
			isa = PBXNativeTarget;
			buildConfigurationList = AF9796D8297CB72E004F5CDB /* Build configuration list for PBXNativeTarget "hw9UITests" */;
			buildPhases = (
				AF9796C4297CB72E004F5CDB /* Sources */,
				AF9796C5297CB72E004F5CDB /* Frameworks */,
				AF9796C6297CB72E004F5CDB /* Resources */,
			);
			buildRules = (
			);
			dependencies = (
				AF9796CA297CB72E004F5CDB /* PBXTargetDependency */,
			);
			name = hw9UITests;
			productName = hw9UITests;
			productReference = AF9796C8297CB72E004F5CDB /* hw9UITests.xctest */;
			productType = "com.apple.product-type.bundle.ui-testing";
		};
/* End PBXNativeTarget section */

/* Begin PBXProject section */
		AF9796A0297CB72D004F5CDB /* Project object */ = {
			isa = PBXProject;
			attributes = {
				BuildIndependentTargetsInParallel = 1;
				LastSwiftUpdateCheck = 1420;
				LastUpgradeCheck = 1420;
				TargetAttributes = {
					AF9796A7297CB72D004F5CDB = {
						CreatedOnToolsVersion = 14.2;
					};
					AF9796BD297CB72E004F5CDB = {
						CreatedOnToolsVersion = 14.2;
						TestTargetID = AF9796A7297CB72D004F5CDB;
					};
					AF9796C7297CB72E004F5CDB = {
						CreatedOnToolsVersion = 14.2;
						TestTargetID = AF9796A7297CB72D004F5CDB;
					};
				};
			};
			buildConfigurationList = AF9796A3297CB72D004F5CDB /* Build configuration list for PBXProject "hw9" */;
			compatibilityVersion = "Xcode 14.0";
			developmentRegion = en;
			hasScannedForEncodings = 0;
			knownRegions = (
				en,
				Base,
			);
			mainGroup = AF97969F297CB72D004F5CDB;
			productRefGroup = AF9796A9297CB72D004F5CDB /* Products */;
			projectDirPath = "";
			projectRoot = "";
			targets = (
				AF9796A7297CB72D004F5CDB /* hw9 */,
				AF9796BD297CB72E004F5CDB /* hw9Tests */,
				AF9796C7297CB72E004F5CDB /* hw9UITests */,
			);
		};
/* End PBXProject section */

/* Begin PBXResourcesBuildPhase section */
		AF9796A6297CB72D004F5CDB /* Resources */ = {
			isa = PBXResourcesBuildPhase;
			buildActionMask = 2147483647;
			files = (
				AF9796B8297CB72E004F5CDB /* LaunchScreen.storyboard in Resources */,
				AF9796B5297CB72E004F5CDB /* Assets.xcassets in Resources */,
				AF9796B3297CB72D004F5CDB /* Main.storyboard in Resources */,
			);
			runOnlyForDeploymentPostprocessing = 0;
		};
		AF9796BC297CB72E004F5CDB /* Resources */ = {
			isa = PBXResourcesBuildPhase;
			buildActionMask = 2147483647;
			files = (
			);
			runOnlyForDeploymentPostprocessing = 0;
		};
		AF9796C6297CB72E004F5CDB /* Resources */ = {
			isa = PBXResourcesBuildPhase;
			buildActionMask = 2147483647;
			files = (
			);
			runOnlyForDeploymentPostprocessing = 0;
		};
/* End PBXResourcesBuildPhase section */

/* Begin PBXSourcesBuildPhase section */
		AF9796A4297CB72D004F5CDB /* Sources */ = {
			isa = PBXSourcesBuildPhase;
			buildActionMask = 2147483647;
			files = (
				AF9796B0297CB72D004F5CDB /* ViewController.swift in Sources */,
				AF9796AC297CB72D004F5CDB /* AppDelegate.swift in Sources */,
				AF9796AE297CB72D004F5CDB /* SceneDelegate.swift in Sources */,
			);
			runOnlyForDeploymentPostprocessing = 0;
		};
		AF9796BA297CB72E004F5CDB /* Sources */ = {
			isa = PBXSourcesBuildPhase;
			buildActionMask = 2147483647;
			files = (
				AF9796C3297CB72E004F5CDB /* hw9Tests.swift in Sources */,
			);
			runOnlyForDeploymentPostprocessing = 0;
		};
		AF9796C4297CB72E004F5CDB /* Sources */ = {
			isa = PBXSourcesBuildPhase;
			buildActionMask = 2147483647;
			files = (
				AF9796CD297CB72E004F5CDB /* hw9UITests.swift in Sources */,
				AF9796CF297CB72E004F5CDB /* hw9UITestsLaunchTests.swift in Sources */,
			);
			runOnlyForDeploymentPostprocessing = 0;
		};
/* End PBXSourcesBuildPhase section */

/* Begin PBXTargetDependency section */
		AF9796C0297CB72E004F5CDB /* PBXTargetDependency */ = {
			isa = PBXTargetDependency;
			target = AF9796A7297CB72D004F5CDB /* hw9 */;
			targetProxy = AF9796BF297CB72E004F5CDB /* PBXContainerItemProxy */;
		};
		AF9796CA297CB72E004F5CDB /* PBXTargetDependency */ = {
			isa = PBXTargetDependency;
			target = AF9796A7297CB72D004F5CDB /* hw9 */;
			targetProxy = AF9796C9297CB72E004F5CDB /* PBXContainerItemProxy */;
		};
/* End PBXTargetDependency section */

/* Begin PBXVariantGroup section */
		AF9796B1297CB72D004F5CDB /* Main.storyboard */ = {
			isa = PBXVariantGroup;
			children = (
				AF9796B2297CB72D004F5CDB /* Base */,
			);
			name = Main.storyboard;
			sourceTree = "<group>";
		};
		AF9796B6297CB72E004F5CDB /* LaunchScreen.storyboard */ = {
			isa = PBXVariantGroup;
			children = (
				AF9796B7297CB72E004F5CDB /* Base */,
			);
			name = LaunchScreen.storyboard;
			sourceTree = "<group>";
		};
/* End PBXVariantGroup section */

/* Begin XCBuildConfiguration section */
		AF9796D0297CB72E004F5CDB /* Debug */ = {
			isa = XCBuildConfiguration;
			buildSettings = {
				ALWAYS_SEARCH_USER_PATHS = NO;
				CLANG_ANALYZER_NONNULL = YES;
				CLANG_ANALYZER_NUMBER_OBJECT_CONVERSION = YES_AGGRESSIVE;
				CLANG_CXX_LANGUAGE_STANDARD = "gnu++20";
				CLANG_ENABLE_MODULES = YES;
				CLANG_ENABLE_OBJC_ARC = YES;
				CLANG_ENABLE_OBJC_WEAK = YES;
				CLANG_WARN_BLOCK_CAPTURE_AUTORELEASING = YES;
				CLANG_WARN_BOOL_CONVERSION = YES;
				CLANG_WARN_COMMA = YES;
				CLANG_WARN_CONSTANT_CONVERSION = YES;
				CLANG_WARN_DEPRECATED_OBJC_IMPLEMENTATIONS = YES;
				CLANG_WARN_DIRECT_OBJC_ISA_USAGE = YES_ERROR;
				CLANG_WARN_DOCUMENTATION_COMMENTS = YES;
				CLANG_WARN_EMPTY_BODY = YES;
				CLANG_WARN_ENUM_CONVERSION = YES;
				CLANG_WARN_INFINITE_RECURSION = YES;
				CLANG_WARN_INT_CONVERSION = YES;
				CLANG_WARN_NON_LITERAL_NULL_CONVERSION = YES;
				CLANG_WARN_OBJC_IMPLICIT_RETAIN_SELF = YES;
				CLANG_WARN_OBJC_LITERAL_CONVERSION = YES;
				CLANG_WARN_OBJC_ROOT_CLASS = YES_ERROR;
				CLANG_WARN_QUOTED_INCLUDE_IN_FRAMEWORK_HEADER = YES;
				CLANG_WARN_RANGE_LOOP_ANALYSIS = YES;
				CLANG_WARN_STRICT_PROTOTYPES = YES;
				CLANG_WARN_SUSPICIOUS_MOVE = YES;
				CLANG_WARN_UNGUARDED_AVAILABILITY = YES_AGGRESSIVE;
				CLANG_WARN_UNREACHABLE_CODE = YES;
				CLANG_WARN__DUPLICATE_METHOD_MATCH = YES;
				COPY_PHASE_STRIP = NO;
				DEBUG_INFORMATION_FORMAT = dwarf;
				ENABLE_STRICT_OBJC_MSGSEND = YES;
				ENABLE_TESTABILITY = YES;
				GCC_C_LANGUAGE_STANDARD = gnu11;
				GCC_DYNAMIC_NO_PIC = NO;
				GCC_NO_COMMON_BLOCKS = YES;
				GCC_OPTIMIZATION_LEVEL = 0;
				GCC_PREPROCESSOR_DEFINITIONS = (
					"DEBUG=1",
					"$(inherited)",
				);
				GCC_WARN_64_TO_32_BIT_CONVERSION = YES;
				GCC_WARN_ABOUT_RETURN_TYPE = YES_ERROR;
				GCC_WARN_UNDECLARED_SELECTOR = YES;
				GCC_WARN_UNINITIALIZED_AUTOS = YES_AGGRESSIVE;
				GCC_WARN_UNUSED_FUNCTION = YES;
				GCC_WARN_UNUSED_VARIABLE = YES;
				IPHONEOS_DEPLOYMENT_TARGET = 16.2;
				MTL_ENABLE_DEBUG_INFO = INCLUDE_SOURCE;
				MTL_FAST_MATH = YES;
				ONLY_ACTIVE_ARCH = YES;
				SDKROOT = iphoneos;
				SWIFT_ACTIVE_COMPILATION_CONDITIONS = DEBUG;
				SWIFT_OPTIMIZATION_LEVEL = "-Onone";
			};
			name = Debug;
		};
		AF9796D1297CB72E004F5CDB /* Release */ = {
			isa = XCBuildConfiguration;
			buildSettings = {
				ALWAYS_SEARCH_USER_PATHS = NO;
				CLANG_ANALYZER_NONNULL = YES;
				CLANG_ANALYZER_NUMBER_OBJECT_CONVERSION = YES_AGGRESSIVE;
				CLANG_CXX_LANGUAGE_STANDARD = "gnu++20";
				CLANG_ENABLE_MODULES = YES;
				CLANG_ENABLE_OBJC_ARC = YES;
				CLANG_ENABLE_OBJC_WEAK = YES;
				CLANG_WARN_BLOCK_CAPTURE_AUTORELEASING = YES;
				CLANG_WARN_BOOL_CONVERSION = YES;
				CLANG_WARN_COMMA = YES;
				CLANG_WARN_CONSTANT_CONVERSION = YES;
				CLANG_WARN_DEPRECATED_OBJC_IMPLEMENTATIONS = YES;
				CLANG_WARN_DIRECT_OBJC_ISA_USAGE = YES_ERROR;
				CLANG_WARN_DOCUMENTATION_COMMENTS = YES;
				CLANG_WARN_EMPTY_BODY = YES;
				CLANG_WARN_ENUM_CONVERSION = YES;
				CLANG_WARN_INFINITE_RECURSION = YES;
				CLANG_WARN_INT_CONVERSION = YES;
				CLANG_WARN_NON_LITERAL_NULL_CONVERSION = YES;
				CLANG_WARN_OBJC_IMPLICIT_RETAIN_SELF = YES;
				CLANG_WARN_OBJC_LITERAL_CONVERSION = YES;
				CLANG_WARN_OBJC_ROOT_CLASS = YES_ERROR;
				CLANG_WARN_QUOTED_INCLUDE_IN_FRAMEWORK_HEADER = YES;
				CLANG_WARN_RANGE_LOOP_ANALYSIS = YES;
				CLANG_WARN_STRICT_PROTOTYPES = YES;
				CLANG_WARN_SUSPICIOUS_MOVE = YES;
				CLANG_WARN_UNGUARDED_AVAILABILITY = YES_AGGRESSIVE;
				CLANG_WARN_UNREACHABLE_CODE = YES;
				CLANG_WARN__DUPLICATE_METHOD_MATCH = YES;
				COPY_PHASE_STRIP = NO;
				DEBUG_INFORMATION_FORMAT = "dwarf-with-dsym";
				ENABLE_NS_ASSERTIONS = NO;
				ENABLE_STRICT_OBJC_MSGSEND = YES;
				GCC_C_LANGUAGE_STANDARD = gnu11;
				GCC_NO_COMMON_BLOCKS = YES;
				GCC_WARN_64_TO_32_BIT_CONVERSION = YES;
				GCC_WARN_ABOUT_RETURN_TYPE = YES_ERROR;
				GCC_WARN_UNDECLARED_SELECTOR = YES;
				GCC_WARN_UNINITIALIZED_AUTOS = YES_AGGRESSIVE;
				GCC_WARN_UNUSED_FUNCTION = YES;
				GCC_WARN_UNUSED_VARIABLE = YES;
				IPHONEOS_DEPLOYMENT_TARGET = 16.2;
				MTL_ENABLE_DEBUG_INFO = NO;
				MTL_FAST_MATH = YES;
				SDKROOT = iphoneos;
				SWIFT_COMPILATION_MODE = wholemodule;
				SWIFT_OPTIMIZATION_LEVEL = "-O";
				VALIDATE_PRODUCT = YES;
			};
			name = Release;
		};
		AF9796D3297CB72E004F5CDB /* Debug */ = {
			isa = XCBuildConfiguration;
			buildSettings = {
				ASSETCATALOG_COMPILER_APPICON_NAME = AppIcon;
				ASSETCATALOG_COMPILER_GLOBAL_ACCENT_COLOR_NAME = AccentColor;
				CODE_SIGN_STYLE = Automatic;
				CURRENT_PROJECT_VERSION = 1;
				GENERATE_INFOPLIST_FILE = YES;
				INFOPLIST_FILE = hw9/Info.plist;
				INFOPLIST_KEY_UIApplicationSupportsIndirectInputEvents = YES;
				INFOPLIST_KEY_UILaunchStoryboardName = LaunchScreen;
				INFOPLIST_KEY_UIMainStoryboardFile = Main;
				INFOPLIST_KEY_UISupportedInterfaceOrientations_iPad = "UIInterfaceOrientationPortrait UIInterfaceOrientationPortraitUpsideDown UIInterfaceOrientationLandscapeLeft UIInterfaceOrientationLandscapeRight";
				INFOPLIST_KEY_UISupportedInterfaceOrientations_iPhone = "UIInterfaceOrientationPortrait UIInterfaceOrientationLandscapeLeft UIInterfaceOrientationLandscapeRight";
				IPHONEOS_DEPLOYMENT_TARGET = 15.0;
				LD_RUNPATH_SEARCH_PATHS = (
					"$(inherited)",
					"@executable_path/Frameworks",
				);
				MARKETING_VERSION = 1.0;
				PRODUCT_BUNDLE_IDENTIFIER = com.chinlung.hw9;
				PRODUCT_NAME = "$(TARGET_NAME)";
				SWIFT_EMIT_LOC_STRINGS = YES;
				SWIFT_VERSION = 5.0;
				TARGETED_DEVICE_FAMILY = "1,2";
			};
			name = Debug;
		};
		AF9796D4297CB72E004F5CDB /* Release */ = {
			isa = XCBuildConfiguration;
			buildSettings = {
				ASSETCATALOG_COMPILER_APPICON_NAME = AppIcon;
				ASSETCATALOG_COMPILER_GLOBAL_ACCENT_COLOR_NAME = AccentColor;
				CODE_SIGN_STYLE = Automatic;
				CURRENT_PROJECT_VERSION = 1;
				GENERATE_INFOPLIST_FILE = YES;
				INFOPLIST_FILE = hw9/Info.plist;
				INFOPLIST_KEY_UIApplicationSupportsIndirectInputEvents = YES;
				INFOPLIST_KEY_UILaunchStoryboardName = LaunchScreen;
				INFOPLIST_KEY_UIMainStoryboardFile = Main;
				INFOPLIST_KEY_UISupportedInterfaceOrientations_iPad = "UIInterfaceOrientationPortrait UIInterfaceOrientationPortraitUpsideDown UIInterfaceOrientationLandscapeLeft UIInterfaceOrientationLandscapeRight";
				INFOPLIST_KEY_UISupportedInterfaceOrientations_iPhone = "UIInterfaceOrientationPortrait UIInterfaceOrientationLandscapeLeft UIInterfaceOrientationLandscapeRight";
				IPHONEOS_DEPLOYMENT_TARGET = 15.0;
				LD_RUNPATH_SEARCH_PATHS = (
					"$(inherited)",
					"@executable_path/Frameworks",
				);
				MARKETING_VERSION = 1.0;
				PRODUCT_BUNDLE_IDENTIFIER = com.chinlung.hw9;
				PRODUCT_NAME = "$(TARGET_NAME)";
				SWIFT_EMIT_LOC_STRINGS = YES;
				SWIFT_VERSION = 5.0;
				TARGETED_DEVICE_FAMILY = "1,2";
			};
			name = Release;
		};
		AF9796D6297CB72E004F5CDB /* Debug */ = {
			isa = XCBuildConfiguration;
			buildSettings = {
				ALWAYS_EMBED_SWIFT_STANDARD_LIBRARIES = YES;
				BUNDLE_LOADER = "$(TEST_HOST)";
				CODE_SIGN_STYLE = Automatic;
				CURRENT_PROJECT_VERSION = 1;
				GENERATE_INFOPLIST_FILE = YES;
				IPHONEOS_DEPLOYMENT_TARGET = 16.2;
				MARKETING_VERSION = 1.0;
				PRODUCT_BUNDLE_IDENTIFIER = com.chinlung.hw9Tests;
				PRODUCT_NAME = "$(TARGET_NAME)";
				SWIFT_EMIT_LOC_STRINGS = NO;
				SWIFT_VERSION = 5.0;
				TARGETED_DEVICE_FAMILY = "1,2";
				TEST_HOST = "$(BUILT_PRODUCTS_DIR)/hw9.app/$(BUNDLE_EXECUTABLE_FOLDER_PATH)/hw9";
			};
			name = Debug;
		};
		AF9796D7297CB72E004F5CDB /* Release */ = {
			isa = XCBuildConfiguration;
			buildSettings = {
				ALWAYS_EMBED_SWIFT_STANDARD_LIBRARIES = YES;
				BUNDLE_LOADER = "$(TEST_HOST)";
				CODE_SIGN_STYLE = Automatic;
				CURRENT_PROJECT_VERSION = 1;
				GENERATE_INFOPLIST_FILE = YES;
				IPHONEOS_DEPLOYMENT_TARGET = 16.2;
				MARKETING_VERSION = 1.0;
				PRODUCT_BUNDLE_IDENTIFIER = com.chinlung.hw9Tests;
				PRODUCT_NAME = "$(TARGET_NAME)";
				SWIFT_EMIT_LOC_STRINGS = NO;
				SWIFT_VERSION = 5.0;
				TARGETED_DEVICE_FAMILY = "1,2";
				TEST_HOST = "$(BUILT_PRODUCTS_DIR)/hw9.app/$(BUNDLE_EXECUTABLE_FOLDER_PATH)/hw9";
			};
			name = Release;
		};
		AF9796D9297CB72E004F5CDB /* Debug */ = {
			isa = XCBuildConfiguration;
			buildSettings = {
				ALWAYS_EMBED_SWIFT_STANDARD_LIBRARIES = YES;
				CODE_SIGN_STYLE = Automatic;
				CURRENT_PROJECT_VERSION = 1;
				GENERATE_INFOPLIST_FILE = YES;
				MARKETING_VERSION = 1.0;
				PRODUCT_BUNDLE_IDENTIFIER = com.chinlung.hw9UITests;
				PRODUCT_NAME = "$(TARGET_NAME)";
				SWIFT_EMIT_LOC_STRINGS = NO;
				SWIFT_VERSION = 5.0;
				TARGETED_DEVICE_FAMILY = "1,2";
				TEST_TARGET_NAME = hw9;
			};
			name = Debug;
		};
		AF9796DA297CB72E004F5CDB /* Release */ = {
			isa = XCBuildConfiguration;
			buildSettings = {
				ALWAYS_EMBED_SWIFT_STANDARD_LIBRARIES = YES;
				CODE_SIGN_STYLE = Automatic;
				CURRENT_PROJECT_VERSION = 1;
				GENERATE_INFOPLIST_FILE = YES;
				MARKETING_VERSION = 1.0;
				PRODUCT_BUNDLE_IDENTIFIER = com.chinlung.hw9UITests;
				PRODUCT_NAME = "$(TARGET_NAME)";
				SWIFT_EMIT_LOC_STRINGS = NO;
				SWIFT_VERSION = 5.0;
				TARGETED_DEVICE_FAMILY = "1,2";
				TEST_TARGET_NAME = hw9;
			};
			name = Release;
		};
/* End XCBuildConfiguration section */

/* Begin XCConfigurationList section */
		AF9796A3297CB72D004F5CDB /* Build configuration list for PBXProject "hw9" */ = {
			isa = XCConfigurationList;
			buildConfigurations = (
				AF9796D0297CB72E004F5CDB /* Debug */,
				AF9796D1297CB72E004F5CDB /* Release */,
			);
			defaultConfigurationIsVisible = 0;
			defaultConfigurationName = Release;
		};
		AF9796D2297CB72E004F5CDB /* Build configuration list for PBXNativeTarget "hw9" */ = {
			isa = XCConfigurationList;
			buildConfigurations = (
				AF9796D3297CB72E004F5CDB /* Debug */,
				AF9796D4297CB72E004F5CDB /* Release */,
			);
			defaultConfigurationIsVisible = 0;
			defaultConfigurationName = Release;
		};
		AF9796D5297CB72E004F5CDB /* Build configuration list for PBXNativeTarget "hw9Tests" */ = {
			isa = XCConfigurationList;
			buildConfigurations = (
				AF9796D6297CB72E004F5CDB /* Debug */,
				AF9796D7297CB72E004F5CDB /* Release */,
			);
			defaultConfigurationIsVisible = 0;
			defaultConfigurationName = Release;
		};
		AF9796D8297CB72E004F5CDB /* Build configuration list for PBXNativeTarget "hw9UITests" */ = {
			isa = XCConfigurationList;
			buildConfigurations = (
				AF9796D9297CB72E004F5CDB /* Debug */,
				AF9796DA297CB72E004F5CDB /* Release */,
			);
			defaultConfigurationIsVisible = 0;
			defaultConfigurationName = Release;
		};
/* End XCConfigurationList section */
	};
	rootObject = AF9796A0297CB72D004F5CDB /* Project object */;
}
